// !$*UTF8*$!
{
	archiveVersion = 1;
	classes = {
	};
	objectVersion = 46;
	objects = {

/* Begin PBXBuildFile section */
		22049DBC1EC3FE66001A2FF7 /* VC_Creator_ConfirmPword.swift in Sources */ = {isa = PBXBuildFile; fileRef = 22049DBB1EC3FE66001A2FF7 /* VC_Creator_ConfirmPword.swift */; };
		22049DBE1EC4042E001A2FF7 /* VC_ACreator_Payment.swift in Sources */ = {isa = PBXBuildFile; fileRef = 22049DBD1EC4042E001A2FF7 /* VC_ACreator_Payment.swift */; };
		224894D81EC38D2400162B80 /* VC_PostContent.swift in Sources */ = {isa = PBXBuildFile; fileRef = 224894D71EC38D2400162B80 /* VC_PostContent.swift */; };
		2253B2941EC1276600D4545D /* VC_ACreator_adduser.swift in Sources */ = {isa = PBXBuildFile; fileRef = 2253B2931EC1276600D4545D /* VC_ACreator_adduser.swift */; };
		2285D6E31EC3F5BA00211D41 /* VC_Creator_Viewposts.swift in Sources */ = {isa = PBXBuildFile; fileRef = 2285D6E21EC3F5BA00211D41 /* VC_Creator_Viewposts.swift */; };
		2285D6E51EC3F61F00211D41 /* CustomCellCreator.swift in Sources */ = {isa = PBXBuildFile; fileRef = 2285D6E41EC3F61F00211D41 /* CustomCellCreator.swift */; };
		2285D6E91EC3FCB100211D41 /* VC_Creator_Signin.swift in Sources */ = {isa = PBXBuildFile; fileRef = 2285D6E81EC3FCB100211D41 /* VC_Creator_Signin.swift */; };
		22C1DF271EC32A1C0022DC01 /* VC_ACreator_HomePage.swift in Sources */ = {isa = PBXBuildFile; fileRef = 22C1DF261EC32A1C0022DC01 /* VC_ACreator_HomePage.swift */; };
		22C1DF2B1EC32DE40022DC01 /* CustomCellUser.swift in Sources */ = {isa = PBXBuildFile; fileRef = 22C1DF2A1EC32DE40022DC01 /* CustomCellUser.swift */; };
		22E497941EC3020200B419E9 /* VC_ACreator_Viewposts.swift in Sources */ = {isa = PBXBuildFile; fileRef = 22E497931EC3020200B419E9 /* VC_ACreator_Viewposts.swift */; };
		22E497961EC304AD00B419E9 /* CustomCell.swift in Sources */ = {isa = PBXBuildFile; fileRef = 22E497951EC304AD00B419E9 /* CustomCell.swift */; };
		22E497981EC3142400B419E9 /* Datasource.swift in Sources */ = {isa = PBXBuildFile; fileRef = 22E497971EC3142400B419E9 /* Datasource.swift */; };
		22E4979E1EC31B0300B419E9 /* VC_ACreator_Signin.swift in Sources */ = {isa = PBXBuildFile; fileRef = 22E4979D1EC31B0300B419E9 /* VC_ACreator_Signin.swift */; };
		27FBDE743860508C6E38441C /* Pods_Test.framework in Frameworks */ = {isa = PBXBuildFile; fileRef = FC143C919DB36CDC3766244B /* Pods_Test.framework */; };
		615BC3BD1E922B9800F91FA3 /* GoogleService-Info.plist in Resources */ = {isa = PBXBuildFile; fileRef = 615BC3BC1E922B9800F91FA3 /* GoogleService-Info.plist */; };
		617CEC1E1E8CE0D600047578 /* AppDelegate.swift in Sources */ = {isa = PBXBuildFile; fileRef = 617CEC1D1E8CE0D600047578 /* AppDelegate.swift */; };
		617CEC201E8CE0D600047578 /* ViewController.swift in Sources */ = {isa = PBXBuildFile; fileRef = 617CEC1F1E8CE0D600047578 /* ViewController.swift */; };
		617CEC231E8CE0D600047578 /* Main.storyboard in Resources */ = {isa = PBXBuildFile; fileRef = 617CEC211E8CE0D600047578 /* Main.storyboard */; };
		617CEC251E8CE0D600047578 /* Assets.xcassets in Resources */ = {isa = PBXBuildFile; fileRef = 617CEC241E8CE0D600047578 /* Assets.xcassets */; };
		617CEC281E8CE0D600047578 /* LaunchScreen.storyboard in Resources */ = {isa = PBXBuildFile; fileRef = 617CEC261E8CE0D600047578 /* LaunchScreen.storyboard */; };
		617CEC331E8CE0D600047578 /* TestTests.swift in Sources */ = {isa = PBXBuildFile; fileRef = 617CEC321E8CE0D600047578 /* TestTests.swift */; };
		617CEC3E1E8CE0D700047578 /* TestUITests.swift in Sources */ = {isa = PBXBuildFile; fileRef = 617CEC3D1E8CE0D700047578 /* TestUITests.swift */; };
		7310EC52127C2A940A429DC7 /* Pods_TestTests.framework in Frameworks */ = {isa = PBXBuildFile; fileRef = AE1FB4873F03A6AE49BDE920 /* Pods_TestTests.framework */; };
		E4B9619220D17E1A2D6747EB /* Pods_TestUITests.framework in Frameworks */ = {isa = PBXBuildFile; fileRef = B8DCA04EF0DCCF04BFC8492F /* Pods_TestUITests.framework */; };
/* End PBXBuildFile section */

/* Begin PBXContainerItemProxy section */
		617CEC2F1E8CE0D600047578 /* PBXContainerItemProxy */ = {
			isa = PBXContainerItemProxy;
			containerPortal = 617CEC121E8CE0D600047578 /* Project object */;
			proxyType = 1;
			remoteGlobalIDString = 617CEC191E8CE0D600047578;
			remoteInfo = Test;
		};
		617CEC3A1E8CE0D600047578 /* PBXContainerItemProxy */ = {
			isa = PBXContainerItemProxy;
			containerPortal = 617CEC121E8CE0D600047578 /* Project object */;
			proxyType = 1;
			remoteGlobalIDString = 617CEC191E8CE0D600047578;
			remoteInfo = Test;
		};
/* End PBXContainerItemProxy section */

/* Begin PBXFileReference section */
		22049DBB1EC3FE66001A2FF7 /* VC_Creator_ConfirmPword.swift */ = {isa = PBXFileReference; fileEncoding = 4; lastKnownFileType = sourcecode.swift; path = VC_Creator_ConfirmPword.swift; sourceTree = "<group>"; };
		22049DBD1EC4042E001A2FF7 /* VC_ACreator_Payment.swift */ = {isa = PBXFileReference; fileEncoding = 4; lastKnownFileType = sourcecode.swift; path = VC_ACreator_Payment.swift; sourceTree = "<group>"; };
		224894D71EC38D2400162B80 /* VC_PostContent.swift */ = {isa = PBXFileReference; fileEncoding = 4; lastKnownFileType = sourcecode.swift; path = VC_PostContent.swift; sourceTree = "<group>"; };
		2253B2931EC1276600D4545D /* VC_ACreator_adduser.swift */ = {isa = PBXFileReference; fileEncoding = 4; lastKnownFileType = sourcecode.swift; path = VC_ACreator_adduser.swift; sourceTree = "<group>"; };
		2285D6E21EC3F5BA00211D41 /* VC_Creator_Viewposts.swift */ = {isa = PBXFileReference; fileEncoding = 4; lastKnownFileType = sourcecode.swift; path = VC_Creator_Viewposts.swift; sourceTree = "<group>"; };
		2285D6E41EC3F61F00211D41 /* CustomCellCreator.swift */ = {isa = PBXFileReference; fileEncoding = 4; lastKnownFileType = sourcecode.swift; path = CustomCellCreator.swift; sourceTree = "<group>"; };
		2285D6E81EC3FCB100211D41 /* VC_Creator_Signin.swift */ = {isa = PBXFileReference; fileEncoding = 4; lastKnownFileType = sourcecode.swift; path = VC_Creator_Signin.swift; sourceTree = "<group>"; };
		22C1DF261EC32A1C0022DC01 /* VC_ACreator_HomePage.swift */ = {isa = PBXFileReference; fileEncoding = 4; lastKnownFileType = sourcecode.swift; path = VC_ACreator_HomePage.swift; sourceTree = "<group>"; };
		22C1DF2A1EC32DE40022DC01 /* CustomCellUser.swift */ = {isa = PBXFileReference; fileEncoding = 4; lastKnownFileType = sourcecode.swift; path = CustomCellUser.swift; sourceTree = "<group>"; };
		22E497931EC3020200B419E9 /* VC_ACreator_Viewposts.swift */ = {isa = PBXFileReference; fileEncoding = 4; lastKnownFileType = sourcecode.swift; path = VC_ACreator_Viewposts.swift; sourceTree = "<group>"; };
		22E497951EC304AD00B419E9 /* CustomCell.swift */ = {isa = PBXFileReference; fileEncoding = 4; lastKnownFileType = sourcecode.swift; path = CustomCell.swift; sourceTree = "<group>"; };
		22E497971EC3142400B419E9 /* Datasource.swift */ = {isa = PBXFileReference; fileEncoding = 4; lastKnownFileType = sourcecode.swift; path = Datasource.swift; sourceTree = "<group>"; };
		22E4979D1EC31B0300B419E9 /* VC_ACreator_Signin.swift */ = {isa = PBXFileReference; fileEncoding = 4; lastKnownFileType = sourcecode.swift; path = VC_ACreator_Signin.swift; sourceTree = "<group>"; };
		295B334D13A23A1791436427 /* Pods-TestUITests.debug.xcconfig */ = {isa = PBXFileReference; includeInIndex = 1; lastKnownFileType = text.xcconfig; name = "Pods-TestUITests.debug.xcconfig"; path = "Pods/Target Support Files/Pods-TestUITests/Pods-TestUITests.debug.xcconfig"; sourceTree = "<group>"; };
		3DC1C5D0CE91DE77950BEC71 /* Pods-TestTests.debug.xcconfig */ = {isa = PBXFileReference; includeInIndex = 1; lastKnownFileType = text.xcconfig; name = "Pods-TestTests.debug.xcconfig"; path = "Pods/Target Support Files/Pods-TestTests/Pods-TestTests.debug.xcconfig"; sourceTree = "<group>"; };
		593188C970F45C98C93B177D /* Pods-TestUITests.release.xcconfig */ = {isa = PBXFileReference; includeInIndex = 1; lastKnownFileType = text.xcconfig; name = "Pods-TestUITests.release.xcconfig"; path = "Pods/Target Support Files/Pods-TestUITests/Pods-TestUITests.release.xcconfig"; sourceTree = "<group>"; };
		615BC3BC1E922B9800F91FA3 /* GoogleService-Info.plist */ = {isa = PBXFileReference; fileEncoding = 4; lastKnownFileType = text.plist.xml; path = "GoogleService-Info.plist"; sourceTree = "<group>"; };
		617CEC1A1E8CE0D600047578 /* Test.app */ = {isa = PBXFileReference; explicitFileType = wrapper.application; includeInIndex = 0; path = Test.app; sourceTree = BUILT_PRODUCTS_DIR; };
		617CEC1D1E8CE0D600047578 /* AppDelegate.swift */ = {isa = PBXFileReference; lastKnownFileType = sourcecode.swift; path = AppDelegate.swift; sourceTree = "<group>"; };
		617CEC1F1E8CE0D600047578 /* ViewController.swift */ = {isa = PBXFileReference; lastKnownFileType = sourcecode.swift; path = ViewController.swift; sourceTree = "<group>"; };
		617CEC221E8CE0D600047578 /* Base */ = {isa = PBXFileReference; lastKnownFileType = file.storyboard; name = Base; path = Base.lproj/Main.storyboard; sourceTree = "<group>"; };
		617CEC241E8CE0D600047578 /* Assets.xcassets */ = {isa = PBXFileReference; lastKnownFileType = folder.assetcatalog; path = Assets.xcassets; sourceTree = "<group>"; };
		617CEC271E8CE0D600047578 /* Base */ = {isa = PBXFileReference; lastKnownFileType = file.storyboard; name = Base; path = Base.lproj/LaunchScreen.storyboard; sourceTree = "<group>"; };
		617CEC291E8CE0D600047578 /* Info.plist */ = {isa = PBXFileReference; lastKnownFileType = text.plist.xml; path = Info.plist; sourceTree = "<group>"; };
		617CEC2E1E8CE0D600047578 /* TestTests.xctest */ = {isa = PBXFileReference; explicitFileType = wrapper.cfbundle; includeInIndex = 0; path = TestTests.xctest; sourceTree = BUILT_PRODUCTS_DIR; };
		617CEC321E8CE0D600047578 /* TestTests.swift */ = {isa = PBXFileReference; lastKnownFileType = sourcecode.swift; path = TestTests.swift; sourceTree = "<group>"; };
		617CEC341E8CE0D600047578 /* Info.plist */ = {isa = PBXFileReference; lastKnownFileType = text.plist.xml; path = Info.plist; sourceTree = "<group>"; };
		617CEC391E8CE0D600047578 /* TestUITests.xctest */ = {isa = PBXFileReference; explicitFileType = wrapper.cfbundle; includeInIndex = 0; path = TestUITests.xctest; sourceTree = BUILT_PRODUCTS_DIR; };
		617CEC3D1E8CE0D700047578 /* TestUITests.swift */ = {isa = PBXFileReference; lastKnownFileType = sourcecode.swift; path = TestUITests.swift; sourceTree = "<group>"; };
		617CEC3F1E8CE0D700047578 /* Info.plist */ = {isa = PBXFileReference; lastKnownFileType = text.plist.xml; path = Info.plist; sourceTree = "<group>"; };
		90ECDD131B9140121AB2B248 /* Pods-Test.debug.xcconfig */ = {isa = PBXFileReference; includeInIndex = 1; lastKnownFileType = text.xcconfig; name = "Pods-Test.debug.xcconfig"; path = "Pods/Target Support Files/Pods-Test/Pods-Test.debug.xcconfig"; sourceTree = "<group>"; };
		AE1FB4873F03A6AE49BDE920 /* Pods_TestTests.framework */ = {isa = PBXFileReference; explicitFileType = wrapper.framework; includeInIndex = 0; path = Pods_TestTests.framework; sourceTree = BUILT_PRODUCTS_DIR; };
		B8DCA04EF0DCCF04BFC8492F /* Pods_TestUITests.framework */ = {isa = PBXFileReference; explicitFileType = wrapper.framework; includeInIndex = 0; path = Pods_TestUITests.framework; sourceTree = BUILT_PRODUCTS_DIR; };
		BB8795BE3F3223D47D21637A /* Pods-Test.release.xcconfig */ = {isa = PBXFileReference; includeInIndex = 1; lastKnownFileType = text.xcconfig; name = "Pods-Test.release.xcconfig"; path = "Pods/Target Support Files/Pods-Test/Pods-Test.release.xcconfig"; sourceTree = "<group>"; };
		FBEA0EF41F9E725E6660BE08 /* Pods-TestTests.release.xcconfig */ = {isa = PBXFileReference; includeInIndex = 1; lastKnownFileType = text.xcconfig; name = "Pods-TestTests.release.xcconfig"; path = "Pods/Target Support Files/Pods-TestTests/Pods-TestTests.release.xcconfig"; sourceTree = "<group>"; };
		FC143C919DB36CDC3766244B /* Pods_Test.framework */ = {isa = PBXFileReference; explicitFileType = wrapper.framework; includeInIndex = 0; path = Pods_Test.framework; sourceTree = BUILT_PRODUCTS_DIR; };
/* End PBXFileReference section */

/* Begin PBXFrameworksBuildPhase section */
		617CEC171E8CE0D600047578 /* Frameworks */ = {
			isa = PBXFrameworksBuildPhase;
			buildActionMask = 2147483647;
			files = (
				27FBDE743860508C6E38441C /* Pods_Test.framework in Frameworks */,
			);
			runOnlyForDeploymentPostprocessing = 0;
		};
		617CEC2B1E8CE0D600047578 /* Frameworks */ = {
			isa = PBXFrameworksBuildPhase;
			buildActionMask = 2147483647;
			files = (
				7310EC52127C2A940A429DC7 /* Pods_TestTests.framework in Frameworks */,
			);
			runOnlyForDeploymentPostprocessing = 0;
		};
		617CEC361E8CE0D600047578 /* Frameworks */ = {
			isa = PBXFrameworksBuildPhase;
			buildActionMask = 2147483647;
			files = (
				E4B9619220D17E1A2D6747EB /* Pods_TestUITests.framework in Frameworks */,
			);
			runOnlyForDeploymentPostprocessing = 0;
		};
/* End PBXFrameworksBuildPhase section */

/* Begin PBXGroup section */
		617CEC111E8CE0D600047578 = {
			isa = PBXGroup;
			children = (
				617CEC1C1E8CE0D600047578 /* Test */,
				617CEC311E8CE0D600047578 /* TestTests */,
				617CEC3C1E8CE0D700047578 /* TestUITests */,
				617CEC1B1E8CE0D600047578 /* Products */,
				BA2326D4CDFDF84D75070E84 /* Pods */,
				665D7B48EC75DDB15F13652A /* Frameworks */,
			);
			sourceTree = "<group>";
		};
		617CEC1B1E8CE0D600047578 /* Products */ = {
			isa = PBXGroup;
			children = (
				617CEC1A1E8CE0D600047578 /* Test.app */,
				617CEC2E1E8CE0D600047578 /* TestTests.xctest */,
				617CEC391E8CE0D600047578 /* TestUITests.xctest */,
			);
			name = Products;
			sourceTree = "<group>";
		};
		617CEC1C1E8CE0D600047578 /* Test */ = {
			isa = PBXGroup;
			children = (
				617CEC1D1E8CE0D600047578 /* AppDelegate.swift */,
				617CEC241E8CE0D600047578 /* Assets.xcassets */,
				22E497951EC304AD00B419E9 /* CustomCell.swift */,
				2285D6E41EC3F61F00211D41 /* CustomCellCreator.swift */,
				22C1DF2A1EC32DE40022DC01 /* CustomCellUser.swift */,
				22E497971EC3142400B419E9 /* Datasource.swift */,
				615BC3BC1E922B9800F91FA3 /* GoogleService-Info.plist */,
				617CEC291E8CE0D600047578 /* Info.plist */,
				617CEC261E8CE0D600047578 /* LaunchScreen.storyboard */,
				617CEC211E8CE0D600047578 /* Main.storyboard */,
				2253B2931EC1276600D4545D /* VC_ACreator_adduser.swift */,
				22C1DF261EC32A1C0022DC01 /* VC_ACreator_HomePage.swift */,
				22049DBD1EC4042E001A2FF7 /* VC_ACreator_Payment.swift */,
				22E4979D1EC31B0300B419E9 /* VC_ACreator_Signin.swift */,
				22E497931EC3020200B419E9 /* VC_ACreator_Viewposts.swift */,
				22049DBB1EC3FE66001A2FF7 /* VC_Creator_ConfirmPword.swift */,
				2285D6E81EC3FCB100211D41 /* VC_Creator_Signin.swift */,
				2285D6E21EC3F5BA00211D41 /* VC_Creator_Viewposts.swift */,
				224894D71EC38D2400162B80 /* VC_PostContent.swift */,
				617CEC1F1E8CE0D600047578 /* ViewController.swift */,
			);
			path = Test;
			sourceTree = "<group>";
		};
		617CEC311E8CE0D600047578 /* TestTests */ = {
			isa = PBXGroup;
			children = (
				617CEC321E8CE0D600047578 /* TestTests.swift */,
				617CEC341E8CE0D600047578 /* Info.plist */,
			);
			path = TestTests;
			sourceTree = "<group>";
		};
		617CEC3C1E8CE0D700047578 /* TestUITests */ = {
			isa = PBXGroup;
			children = (
				617CEC3D1E8CE0D700047578 /* TestUITests.swift */,
				617CEC3F1E8CE0D700047578 /* Info.plist */,
			);
			path = TestUITests;
			sourceTree = "<group>";
		};
		665D7B48EC75DDB15F13652A /* Frameworks */ = {
			isa = PBXGroup;
			children = (
				FC143C919DB36CDC3766244B /* Pods_Test.framework */,
				AE1FB4873F03A6AE49BDE920 /* Pods_TestTests.framework */,
				B8DCA04EF0DCCF04BFC8492F /* Pods_TestUITests.framework */,
			);
			name = Frameworks;
			sourceTree = "<group>";
		};
		BA2326D4CDFDF84D75070E84 /* Pods */ = {
			isa = PBXGroup;
			children = (
				90ECDD131B9140121AB2B248 /* Pods-Test.debug.xcconfig */,
				BB8795BE3F3223D47D21637A /* Pods-Test.release.xcconfig */,
				3DC1C5D0CE91DE77950BEC71 /* Pods-TestTests.debug.xcconfig */,
				FBEA0EF41F9E725E6660BE08 /* Pods-TestTests.release.xcconfig */,
				295B334D13A23A1791436427 /* Pods-TestUITests.debug.xcconfig */,
				593188C970F45C98C93B177D /* Pods-TestUITests.release.xcconfig */,
			);
			name = Pods;
			sourceTree = "<group>";
		};
/* End PBXGroup section */

/* Begin PBXNativeTarget section */
		617CEC191E8CE0D600047578 /* Test */ = {
			isa = PBXNativeTarget;
			buildConfigurationList = 617CEC421E8CE0D700047578 /* Build configuration list for PBXNativeTarget "Test" */;
			buildPhases = (
				12905DA4CE78EBCE716DD3E9 /* [CP] Check Pods Manifest.lock */,
				617CEC161E8CE0D600047578 /* Sources */,
				617CEC171E8CE0D600047578 /* Frameworks */,
				617CEC181E8CE0D600047578 /* Resources */,
				ADF11AF003DE104C014EEAD5 /* [CP] Embed Pods Frameworks */,
				8F74F2E0138F4BC0D1967982 /* [CP] Copy Pods Resources */,
			);
			buildRules = (
			);
			dependencies = (
			);
			name = Test;
			productName = Test;
			productReference = 617CEC1A1E8CE0D600047578 /* Test.app */;
			productType = "com.apple.product-type.application";
		};
		617CEC2D1E8CE0D600047578 /* TestTests */ = {
			isa = PBXNativeTarget;
			buildConfigurationList = 617CEC451E8CE0D700047578 /* Build configuration list for PBXNativeTarget "TestTests" */;
			buildPhases = (
				0A74A5BECB7B933B810EA716 /* [CP] Check Pods Manifest.lock */,
				617CEC2A1E8CE0D600047578 /* Sources */,
				617CEC2B1E8CE0D600047578 /* Frameworks */,
				617CEC2C1E8CE0D600047578 /* Resources */,
				46457C5F37739A6F271D265E /* [CP] Embed Pods Frameworks */,
				7E5F050355E3EF5A31202B86 /* [CP] Copy Pods Resources */,
			);
			buildRules = (
			);
			dependencies = (
				617CEC301E8CE0D600047578 /* PBXTargetDependency */,
			);
			name = TestTests;
			productName = TestTests;
			productReference = 617CEC2E1E8CE0D600047578 /* TestTests.xctest */;
			productType = "com.apple.product-type.bundle.unit-test";
		};
		617CEC381E8CE0D600047578 /* TestUITests */ = {
			isa = PBXNativeTarget;
			buildConfigurationList = 617CEC481E8CE0D700047578 /* Build configuration list for PBXNativeTarget "TestUITests" */;
			buildPhases = (
				D75EDFFF7883215B82D45E41 /* [CP] Check Pods Manifest.lock */,
				617CEC351E8CE0D600047578 /* Sources */,
				617CEC361E8CE0D600047578 /* Frameworks */,
				617CEC371E8CE0D600047578 /* Resources */,
				6D3510D4FD980F4DCAA659F5 /* [CP] Embed Pods Frameworks */,
				11402B0F23922054F7C73259 /* [CP] Copy Pods Resources */,
			);
			buildRules = (
			);
			dependencies = (
				617CEC3B1E8CE0D600047578 /* PBXTargetDependency */,
			);
			name = TestUITests;
			productName = TestUITests;
			productReference = 617CEC391E8CE0D600047578 /* TestUITests.xctest */;
			productType = "com.apple.product-type.bundle.ui-testing";
		};
/* End PBXNativeTarget section */

/* Begin PBXProject section */
		617CEC121E8CE0D600047578 /* Project object */ = {
			isa = PBXProject;
			attributes = {
				LastSwiftUpdateCheck = 0820;
				LastUpgradeCheck = 0820;
				ORGANIZATIONNAME = "Pranav Joshi";
				TargetAttributes = {
					617CEC191E8CE0D600047578 = {
						CreatedOnToolsVersion = 8.2.1;
						DevelopmentTeam = 5TGE87DSKY;
						ProvisioningStyle = Automatic;
					};
					617CEC2D1E8CE0D600047578 = {
						CreatedOnToolsVersion = 8.2.1;
						ProvisioningStyle = Automatic;
						TestTargetID = 617CEC191E8CE0D600047578;
					};
					617CEC381E8CE0D600047578 = {
						CreatedOnToolsVersion = 8.2.1;
						ProvisioningStyle = Automatic;
						TestTargetID = 617CEC191E8CE0D600047578;
					};
				};
			};
			buildConfigurationList = 617CEC151E8CE0D600047578 /* Build configuration list for PBXProject "Test" */;
			compatibilityVersion = "Xcode 3.2";
			developmentRegion = English;
			hasScannedForEncodings = 0;
			knownRegions = (
				en,
				Base,
			);
			mainGroup = 617CEC111E8CE0D600047578;
			productRefGroup = 617CEC1B1E8CE0D600047578 /* Products */;
			projectDirPath = "";
			projectRoot = "";
			targets = (
				617CEC191E8CE0D600047578 /* Test */,
				617CEC2D1E8CE0D600047578 /* TestTests */,
				617CEC381E8CE0D600047578 /* TestUITests */,
			);
		};
/* End PBXProject section */

/* Begin PBXResourcesBuildPhase section */
		617CEC181E8CE0D600047578 /* Resources */ = {
			isa = PBXResourcesBuildPhase;
			buildActionMask = 2147483647;
			files = (
				615BC3BD1E922B9800F91FA3 /* GoogleService-Info.plist in Resources */,
				617CEC281E8CE0D600047578 /* LaunchScreen.storyboard in Resources */,
				617CEC251E8CE0D600047578 /* Assets.xcassets in Resources */,
				617CEC231E8CE0D600047578 /* Main.storyboard in Resources */,
			);
			runOnlyForDeploymentPostprocessing = 0;
		};
		617CEC2C1E8CE0D600047578 /* Resources */ = {
			isa = PBXResourcesBuildPhase;
			buildActionMask = 2147483647;
			files = (
			);
			runOnlyForDeploymentPostprocessing = 0;
		};
		617CEC371E8CE0D600047578 /* Resources */ = {
			isa = PBXResourcesBuildPhase;
			buildActionMask = 2147483647;
			files = (
			);
			runOnlyForDeploymentPostprocessing = 0;
		};
/* End PBXResourcesBuildPhase section */

/* Begin PBXShellScriptBuildPhase section */
		0A74A5BECB7B933B810EA716 /* [CP] Check Pods Manifest.lock */ = {
			isa = PBXShellScriptBuildPhase;
			buildActionMask = 2147483647;
			files = (
			);
			inputPaths = (
			);
			name = "[CP] Check Pods Manifest.lock";
			outputPaths = (
			);
			runOnlyForDeploymentPostprocessing = 0;
			shellPath = /bin/sh;
			shellScript = "diff \"${PODS_ROOT}/../Podfile.lock\" \"${PODS_ROOT}/Manifest.lock\" > /dev/null\nif [ $? != 0 ] ; then\n    # print error to STDERR\n    echo \"error: The sandbox is not in sync with the Podfile.lock. Run 'pod install' or update your CocoaPods installation.\" >&2\n    exit 1\nfi\n";
			showEnvVarsInLog = 0;
		};
		11402B0F23922054F7C73259 /* [CP] Copy Pods Resources */ = {
			isa = PBXShellScriptBuildPhase;
			buildActionMask = 2147483647;
			files = (
			);
			inputPaths = (
			);
			name = "[CP] Copy Pods Resources";
			outputPaths = (
			);
			runOnlyForDeploymentPostprocessing = 0;
			shellPath = /bin/sh;
			shellScript = "\"${SRCROOT}/Pods/Target Support Files/Pods-TestUITests/Pods-TestUITests-resources.sh\"\n";
			showEnvVarsInLog = 0;
		};
		12905DA4CE78EBCE716DD3E9 /* [CP] Check Pods Manifest.lock */ = {
			isa = PBXShellScriptBuildPhase;
			buildActionMask = 2147483647;
			files = (
			);
			inputPaths = (
			);
			name = "[CP] Check Pods Manifest.lock";
			outputPaths = (
			);
			runOnlyForDeploymentPostprocessing = 0;
			shellPath = /bin/sh;
			shellScript = "diff \"${PODS_ROOT}/../Podfile.lock\" \"${PODS_ROOT}/Manifest.lock\" > /dev/null\nif [ $? != 0 ] ; then\n    # print error to STDERR\n    echo \"error: The sandbox is not in sync with the Podfile.lock. Run 'pod install' or update your CocoaPods installation.\" >&2\n    exit 1\nfi\n";
			showEnvVarsInLog = 0;
		};
		46457C5F37739A6F271D265E /* [CP] Embed Pods Frameworks */ = {
			isa = PBXShellScriptBuildPhase;
			buildActionMask = 2147483647;
			files = (
			);
			inputPaths = (
			);
			name = "[CP] Embed Pods Frameworks";
			outputPaths = (
			);
			runOnlyForDeploymentPostprocessing = 0;
			shellPath = /bin/sh;
			shellScript = "\"${SRCROOT}/Pods/Target Support Files/Pods-TestTests/Pods-TestTests-frameworks.sh\"\n";
			showEnvVarsInLog = 0;
		};
		6D3510D4FD980F4DCAA659F5 /* [CP] Embed Pods Frameworks */ = {
			isa = PBXShellScriptBuildPhase;
			buildActionMask = 2147483647;
			files = (
			);
			inputPaths = (
			);
			name = "[CP] Embed Pods Frameworks";
			outputPaths = (
			);
			runOnlyForDeploymentPostprocessing = 0;
			shellPath = /bin/sh;
			shellScript = "\"${SRCROOT}/Pods/Target Support Files/Pods-TestUITests/Pods-TestUITests-frameworks.sh\"\n";
			showEnvVarsInLog = 0;
		};
		7E5F050355E3EF5A31202B86 /* [CP] Copy Pods Resources */ = {
			isa = PBXShellScriptBuildPhase;
			buildActionMask = 2147483647;
			files = (
			);
			inputPaths = (
			);
			name = "[CP] Copy Pods Resources";
			outputPaths = (
			);
			runOnlyForDeploymentPostprocessing = 0;
			shellPath = /bin/sh;
			shellScript = "\"${SRCROOT}/Pods/Target Support Files/Pods-TestTests/Pods-TestTests-resources.sh\"\n";
			showEnvVarsInLog = 0;
		};
		8F74F2E0138F4BC0D1967982 /* [CP] Copy Pods Resources */ = {
			isa = PBXShellScriptBuildPhase;
			buildActionMask = 2147483647;
			files = (
			);
			inputPaths = (
			);
			name = "[CP] Copy Pods Resources";
			outputPaths = (
			);
			runOnlyForDeploymentPostprocessing = 0;
			shellPath = /bin/sh;
			shellScript = "\"${SRCROOT}/Pods/Target Support Files/Pods-Test/Pods-Test-resources.sh\"\n";
			showEnvVarsInLog = 0;
		};
		ADF11AF003DE104C014EEAD5 /* [CP] Embed Pods Frameworks */ = {
			isa = PBXShellScriptBuildPhase;
			buildActionMask = 2147483647;
			files = (
			);
			inputPaths = (
			);
			name = "[CP] Embed Pods Frameworks";
			outputPaths = (
			);
			runOnlyForDeploymentPostprocessing = 0;
			shellPath = /bin/sh;
			shellScript = "\"${SRCROOT}/Pods/Target Support Files/Pods-Test/Pods-Test-frameworks.sh\"\n";
			showEnvVarsInLog = 0;
		};
		D75EDFFF7883215B82D45E41 /* [CP] Check Pods Manifest.lock */ = {
			isa = PBXShellScriptBuildPhase;
			buildActionMask = 2147483647;
			files = (
			);
			inputPaths = (
			);
			name = "[CP] Check Pods Manifest.lock";
			outputPaths = (
			);
			runOnlyForDeploymentPostprocessing = 0;
			shellPath = /bin/sh;
			shellScript = "diff \"${PODS_ROOT}/../Podfile.lock\" \"${PODS_ROOT}/Manifest.lock\" > /dev/null\nif [ $? != 0 ] ; then\n    # print error to STDERR\n    echo \"error: The sandbox is not in sync with the Podfile.lock. Run 'pod install' or update your CocoaPods installation.\" >&2\n    exit 1\nfi\n";
			showEnvVarsInLog = 0;
		};
/* End PBXShellScriptBuildPhase section */

/* Begin PBXSourcesBuildPhase section */
		617CEC161E8CE0D600047578 /* Sources */ = {
			isa = PBXSourcesBuildPhase;
			buildActionMask = 2147483647;
			files = (
				22E497981EC3142400B419E9 /* Datasource.swift in Sources */,
				22C1DF2B1EC32DE40022DC01 /* CustomCellUser.swift in Sources */,
				2253B2941EC1276600D4545D /* VC_ACreator_adduser.swift in Sources */,
				22049DBE1EC4042E001A2FF7 /* VC_ACreator_Payment.swift in Sources */,
				617CEC201E8CE0D600047578 /* ViewController.swift in Sources */,
				22049DBC1EC3FE66001A2FF7 /* VC_Creator_ConfirmPword.swift in Sources */,
				22E497961EC304AD00B419E9 /* CustomCell.swift in Sources */,
				2285D6E31EC3F5BA00211D41 /* VC_Creator_Viewposts.swift in Sources */,
				22C1DF271EC32A1C0022DC01 /* VC_ACreator_HomePage.swift in Sources */,
				22E4979E1EC31B0300B419E9 /* VC_ACreator_Signin.swift in Sources */,
				617CEC1E1E8CE0D600047578 /* AppDelegate.swift in Sources */,
				2285D6E51EC3F61F00211D41 /* CustomCellCreator.swift in Sources */,
				224894D81EC38D2400162B80 /* VC_PostContent.swift in Sources */,
				2285D6E91EC3FCB100211D41 /* VC_Creator_Signin.swift in Sources */,
				22E497941EC3020200B419E9 /* VC_ACreator_Viewposts.swift in Sources */,
			);
			runOnlyForDeploymentPostprocessing = 0;
		};
		617CEC2A1E8CE0D600047578 /* Sources */ = {
			isa = PBXSourcesBuildPhase;
			buildActionMask = 2147483647;
			files = (
				617CEC331E8CE0D600047578 /* TestTests.swift in Sources */,
			);
			runOnlyForDeploymentPostprocessing = 0;
		};
		617CEC351E8CE0D600047578 /* Sources */ = {
			isa = PBXSourcesBuildPhase;
			buildActionMask = 2147483647;
			files = (
				617CEC3E1E8CE0D700047578 /* TestUITests.swift in Sources */,
			);
			runOnlyForDeploymentPostprocessing = 0;
		};
/* End PBXSourcesBuildPhase section */

/* Begin PBXTargetDependency section */
		617CEC301E8CE0D600047578 /* PBXTargetDependency */ = {
			isa = PBXTargetDependency;
			target = 617CEC191E8CE0D600047578 /* Test */;
			targetProxy = 617CEC2F1E8CE0D600047578 /* PBXContainerItemProxy */;
		};
		617CEC3B1E8CE0D600047578 /* PBXTargetDependency */ = {
			isa = PBXTargetDependency;
			target = 617CEC191E8CE0D600047578 /* Test */;
			targetProxy = 617CEC3A1E8CE0D600047578 /* PBXContainerItemProxy */;
		};
/* End PBXTargetDependency section */

/* Begin PBXVariantGroup section */
		617CEC211E8CE0D600047578 /* Main.storyboard */ = {
			isa = PBXVariantGroup;
			children = (
				617CEC221E8CE0D600047578 /* Base */,
			);
			name = Main.storyboard;
			sourceTree = "<group>";
		};
		617CEC261E8CE0D600047578 /* LaunchScreen.storyboard */ = {
			isa = PBXVariantGroup;
			children = (
				617CEC271E8CE0D600047578 /* Base */,
			);
			name = LaunchScreen.storyboard;
			sourceTree = "<group>";
		};
/* End PBXVariantGroup section */

/* Begin XCBuildConfiguration section */
		617CEC401E8CE0D700047578 /* Debug */ = {
			isa = XCBuildConfiguration;
			buildSettings = {
				ALWAYS_SEARCH_USER_PATHS = NO;
				CLANG_ANALYZER_NONNULL = YES;
				CLANG_CXX_LANGUAGE_STANDARD = "gnu++0x";
				CLANG_CXX_LIBRARY = "libc++";
				CLANG_ENABLE_MODULES = YES;
				CLANG_ENABLE_OBJC_ARC = YES;
				CLANG_WARN_BOOL_CONVERSION = YES;
				CLANG_WARN_CONSTANT_CONVERSION = YES;
				CLANG_WARN_DIRECT_OBJC_ISA_USAGE = YES_ERROR;
				CLANG_WARN_DOCUMENTATION_COMMENTS = YES;
				CLANG_WARN_EMPTY_BODY = YES;
				CLANG_WARN_ENUM_CONVERSION = YES;
				CLANG_WARN_INFINITE_RECURSION = YES;
				CLANG_WARN_INT_CONVERSION = YES;
				CLANG_WARN_OBJC_ROOT_CLASS = YES_ERROR;
				CLANG_WARN_SUSPICIOUS_MOVE = YES;
				CLANG_WARN_UNREACHABLE_CODE = YES;
				CLANG_WARN__DUPLICATE_METHOD_MATCH = YES;
				"CODE_SIGN_IDENTITY[sdk=iphoneos*]" = "iPhone Developer";
				COPY_PHASE_STRIP = NO;
				DEBUG_INFORMATION_FORMAT = dwarf;
				ENABLE_STRICT_OBJC_MSGSEND = YES;
				ENABLE_TESTABILITY = YES;
				GCC_C_LANGUAGE_STANDARD = gnu99;
				GCC_DYNAMIC_NO_PIC = NO;
				GCC_NO_COMMON_BLOCKS = YES;
				GCC_OPTIMIZATION_LEVEL = 0;
				GCC_PREPROCESSOR_DEFINITIONS = (
					"DEBUG=1",
					"$(inherited)",
				);
				GCC_WARN_64_TO_32_BIT_CONVERSION = YES;
				GCC_WARN_ABOUT_RETURN_TYPE = YES_ERROR;
				GCC_WARN_UNDECLARED_SELECTOR = YES;
				GCC_WARN_UNINITIALIZED_AUTOS = YES_AGGRESSIVE;
				GCC_WARN_UNUSED_FUNCTION = YES;
				GCC_WARN_UNUSED_VARIABLE = YES;
				IPHONEOS_DEPLOYMENT_TARGET = 10.2;
				MTL_ENABLE_DEBUG_INFO = YES;
				ONLY_ACTIVE_ARCH = YES;
				SDKROOT = iphoneos;
				SWIFT_ACTIVE_COMPILATION_CONDITIONS = DEBUG;
				SWIFT_OPTIMIZATION_LEVEL = "-Onone";
				TARGETED_DEVICE_FAMILY = "1,2";
			};
			name = Debug;
		};
		617CEC411E8CE0D700047578 /* Release */ = {
			isa = XCBuildConfiguration;
			buildSettings = {
				ALWAYS_SEARCH_USER_PATHS = NO;
				CLANG_ANALYZER_NONNULL = YES;
				CLANG_CXX_LANGUAGE_STANDARD = "gnu++0x";
				CLANG_CXX_LIBRARY = "libc++";
				CLANG_ENABLE_MODULES = YES;
				CLANG_ENABLE_OBJC_ARC = YES;
				CLANG_WARN_BOOL_CONVERSION = YES;
				CLANG_WARN_CONSTANT_CONVERSION = YES;
				CLANG_WARN_DIRECT_OBJC_ISA_USAGE = YES_ERROR;
				CLANG_WARN_DOCUMENTATION_COMMENTS = YES;
				CLANG_WARN_EMPTY_BODY = YES;
				CLANG_WARN_ENUM_CONVERSION = YES;
				CLANG_WARN_INFINITE_RECURSION = YES;
				CLANG_WARN_INT_CONVERSION = YES;
				CLANG_WARN_OBJC_ROOT_CLASS = YES_ERROR;
				CLANG_WARN_SUSPICIOUS_MOVE = YES;
				CLANG_WARN_UNREACHABLE_CODE = YES;
				CLANG_WARN__DUPLICATE_METHOD_MATCH = YES;
				"CODE_SIGN_IDENTITY[sdk=iphoneos*]" = "iPhone Developer";
				COPY_PHASE_STRIP = NO;
				DEBUG_INFORMATION_FORMAT = "dwarf-with-dsym";
				ENABLE_NS_ASSERTIONS = NO;
				ENABLE_STRICT_OBJC_MSGSEND = YES;
				GCC_C_LANGUAGE_STANDARD = gnu99;
				GCC_NO_COMMON_BLOCKS = YES;
				GCC_WARN_64_TO_32_BIT_CONVERSION = YES;
				GCC_WARN_ABOUT_RETURN_TYPE = YES_ERROR;
				GCC_WARN_UNDECLARED_SELECTOR = YES;
				GCC_WARN_UNINITIALIZED_AUTOS = YES_AGGRESSIVE;
				GCC_WARN_UNUSED_FUNCTION = YES;
				GCC_WARN_UNUSED_VARIABLE = YES;
				IPHONEOS_DEPLOYMENT_TARGET = 10.2;
				MTL_ENABLE_DEBUG_INFO = NO;
				SDKROOT = iphoneos;
				SWIFT_OPTIMIZATION_LEVEL = "-Owholemodule";
				TARGETED_DEVICE_FAMILY = "1,2";
				VALIDATE_PRODUCT = YES;
			};
			name = Release;
		};
		617CEC431E8CE0D700047578 /* Debug */ = {
			isa = XCBuildConfiguration;
			baseConfigurationReference = 90ECDD131B9140121AB2B248 /* Pods-Test.debug.xcconfig */;
			buildSettings = {
				ASSETCATALOG_COMPILER_APPICON_NAME = AppIcon;
				DEVELOPMENT_TEAM = 5TGE87DSKY;
				ENABLE_BITCODE = NO;
				INFOPLIST_FILE = Test/Info.plist;
				LD_RUNPATH_SEARCH_PATHS = "$(inherited) @executable_path/Frameworks";
				PRODUCT_BUNDLE_IDENTIFIER = com.kkk.Test1;
				PRODUCT_NAME = "$(TARGET_NAME)";
				SWIFT_VERSION = 3.0;
			};
			name = Debug;
		};
		617CEC441E8CE0D700047578 /* Release */ = {
			isa = XCBuildConfiguration;
			baseConfigurationReference = BB8795BE3F3223D47D21637A /* Pods-Test.release.xcconfig */;
			buildSettings = {
				ASSETCATALOG_COMPILER_APPICON_NAME = AppIcon;
				DEVELOPMENT_TEAM = 5TGE87DSKY;
				ENABLE_BITCODE = NO;
				INFOPLIST_FILE = Test/Info.plist;
				LD_RUNPATH_SEARCH_PATHS = "$(inherited) @executable_path/Frameworks";
				PRODUCT_BUNDLE_IDENTIFIER = com.kkk.Test1;
				PRODUCT_NAME = "$(TARGET_NAME)";
				SWIFT_VERSION = 3.0;
			};
			name = Release;
		};
		617CEC461E8CE0D700047578 /* Debug */ = {
			isa = XCBuildConfiguration;
			baseConfigurationReference = 3DC1C5D0CE91DE77950BEC71 /* Pods-TestTests.debug.xcconfig */;
			buildSettings = {
				ALWAYS_EMBED_SWIFT_STANDARD_LIBRARIES = YES;
				BUNDLE_LOADER = "$(TEST_HOST)";
				INFOPLIST_FILE = TestTests/Info.plist;
				LD_RUNPATH_SEARCH_PATHS = "$(inherited) @executable_path/Frameworks @loader_path/Frameworks";
				PRODUCT_BUNDLE_IDENTIFIER = com.kkk.TestTests;
				PRODUCT_NAME = "$(TARGET_NAME)";
				SWIFT_VERSION = 3.0;
				TEST_HOST = "$(BUILT_PRODUCTS_DIR)/Test.app/Test";
			};
			name = Debug;
		};
		617CEC471E8CE0D700047578 /* Release */ = {
			isa = XCBuildConfiguration;
			baseConfigurationReference = FBEA0EF41F9E725E6660BE08 /* Pods-TestTests.release.xcconfig */;
			buildSettings = {
				ALWAYS_EMBED_SWIFT_STANDARD_LIBRARIES = YES;
				BUNDLE_LOADER = "$(TEST_HOST)";
				INFOPLIST_FILE = TestTests/Info.plist;
				LD_RUNPATH_SEARCH_PATHS = "$(inherited) @executable_path/Frameworks @loader_path/Frameworks";
				PRODUCT_BUNDLE_IDENTIFIER = com.kkk.TestTests;
				PRODUCT_NAME = "$(TARGET_NAME)";
				SWIFT_VERSION = 3.0;
				TEST_HOST = "$(BUILT_PRODUCTS_DIR)/Test.app/Test";
			};
			name = Release;
		};
		617CEC491E8CE0D700047578 /* Debug */ = {
			isa = XCBuildConfiguration;
			baseConfigurationReference = 295B334D13A23A1791436427 /* Pods-TestUITests.debug.xcconfig */;
			buildSettings = {
				ALWAYS_EMBED_SWIFT_STANDARD_LIBRARIES = YES;
				INFOPLIST_FILE = TestUITests/Info.plist;
				LD_RUNPATH_SEARCH_PATHS = "$(inherited) @executable_path/Frameworks @loader_path/Frameworks";
				PRODUCT_BUNDLE_IDENTIFIER = com.kkk.TestUITests;
				PRODUCT_NAME = "$(TARGET_NAME)";
				SWIFT_VERSION = 3.0;
				TEST_TARGET_NAME = Test;
			};
			name = Debug;
		};
		617CEC4A1E8CE0D700047578 /* Release */ = {
			isa = XCBuildConfiguration;
			baseConfigurationReference = 593188C970F45C98C93B177D /* Pods-TestUITests.release.xcconfig */;
			buildSettings = {
				ALWAYS_EMBED_SWIFT_STANDARD_LIBRARIES = YES;
				INFOPLIST_FILE = TestUITests/Info.plist;
				LD_RUNPATH_SEARCH_PATHS = "$(inherited) @executable_path/Frameworks @loader_path/Frameworks";
				PRODUCT_BUNDLE_IDENTIFIER = com.kkk.TestUITests;
				PRODUCT_NAME = "$(TARGET_NAME)";
				SWIFT_VERSION = 3.0;
				TEST_TARGET_NAME = Test;
			};
			name = Release;
		};
/* End XCBuildConfiguration section */

/* Begin XCConfigurationList section */
		617CEC151E8CE0D600047578 /* Build configuration list for PBXProject "Test" */ = {
			isa = XCConfigurationList;
			buildConfigurations = (
				617CEC401E8CE0D700047578 /* Debug */,
				617CEC411E8CE0D700047578 /* Release */,
			);
			defaultConfigurationIsVisible = 0;
			defaultConfigurationName = Release;
		};
		617CEC421E8CE0D700047578 /* Build configuration list for PBXNativeTarget "Test" */ = {
			isa = XCConfigurationList;
			buildConfigurations = (
				617CEC431E8CE0D700047578 /* Debug */,
				617CEC441E8CE0D700047578 /* Release */,
			);
			defaultConfigurationIsVisible = 0;
			defaultConfigurationName = Release;
		};
		617CEC451E8CE0D700047578 /* Build configuration list for PBXNativeTarget "TestTests" */ = {
			isa = XCConfigurationList;
			buildConfigurations = (
				617CEC461E8CE0D700047578 /* Debug */,
				617CEC471E8CE0D700047578 /* Release */,
			);
			defaultConfigurationIsVisible = 0;
			defaultConfigurationName = Release;
		};
		617CEC481E8CE0D700047578 /* Build configuration list for PBXNativeTarget "TestUITests" */ = {
			isa = XCConfigurationList;
			buildConfigurations = (
				617CEC491E8CE0D700047578 /* Debug */,
				617CEC4A1E8CE0D700047578 /* Release */,
			);
			defaultConfigurationIsVisible = 0;
			defaultConfigurationName = Release;
		};
/* End XCConfigurationList section */
	};
	rootObject = 617CEC121E8CE0D600047578 /* Project object */;
}
